
Microsoft Visual Studio Solution File, Format Version 12.00
# Visual Studio 14
VisualStudioVersion = 14.0.25420.1
MinimumVisualStudioVersion = 10.0.40219.1
Project("{FAE04EC0-301F-11D3-BF4B-00C04F79EFBC}") = "labSheet1Excersise3ConorKoritor", "labSheet1Excersise3ConorKoritor\labSheet1Excersise3ConorKoritor.csproj", "{538F63E9-FD82-4FD8-8258-BC4548FD828F}"
EndProject
Global
	GlobalSection(SolutionConfigurationPlatforms) = preSolution
		Debug|Any CPU = Debug|Any CPU
		Release|Any CPU = Release|Any CPU
	EndGlobalSection
	GlobalSection(ProjectConfigurationPlatforms) = postSolution
		{538F63E9-FD82-4FD8-8258-BC4548FD828F}.Debug|Any CPU.ActiveCfg = Debug|Any CPU
		{538F63E9-FD82-4FD8-8258-BC4548FD828F}.Debug|Any CPU.Build.0 = Debug|Any CPU
		{538F63E9-FD82-4FD8-8258-BC4548FD828F}.Release|Any CPU.ActiveCfg = Release|Any CPU
		{538F63E9-FD82-4FD8-8258-BC4548FD828F}.Release|Any CPU.Build.0 = Release|Any CPU
	EndGlobalSection
	GlobalSection(SolutionProperties) = preSolution
		HideSolutionNode = FALSE
	EndGlobalSection
EndGlobal
